
Microsoft Visual Studio Solution File, Format Version 12.00
# Visual Studio Version 16
VisualStudioVersion = 16.0.31129.286
MinimumVisualStudioVersion = 10.0.40219.1
Project("{2150E333-8FDC-42A3-9474-1A3956D46DE8}") = "Persentasion", "Persentasion", "{A4F97B7C-CEB8-42D6-AFDC-D4A8032D5EA9}"
EndProject
Project("{FAE04EC0-301F-11D3-BF4B-00C04F79EFBC}") = "EndPoint.Site", "EndPoint.Site\EndPoint.Site.csproj", "{B0D9E7AB-6BB8-4FFF-BF8B-4B79093864E2}"
EndProject
Project("{2150E333-8FDC-42A3-9474-1A3956D46DE8}") = "Core", "Core", "{A399E91E-10B1-4861-B6B3-34445F45CB2F}"
EndProject
Project("{FAE04EC0-301F-11D3-BF4B-00C04F79EFBC}") = "MyCms.Domain", "MyCms.Domain\MyCms.Domain.csproj", "{49B3F38B-457B-485A-B169-4EB4D0FA9DF4}"
EndProject
Project("{2150E333-8FDC-42A3-9474-1A3956D46DE8}") = "Infrastructure", "Infrastructure", "{B7A4CB31-712F-4929-8090-1E82360BF019}"
EndProject
Project("{FAE04EC0-301F-11D3-BF4B-00C04F79EFBC}") = "MyCms.Persistence", "MyCms.Persistence\MyCms.Persistence.csproj", "{3173B37F-E7DA-454E-84F7-8559B5002688}"
EndProject
Project("{2150E333-8FDC-42A3-9474-1A3956D46DE8}") = "Common", "Common", "{FE0CD79A-C25C-46F5-95D8-1D72A78A5858}"
EndProject
Project("{FAE04EC0-301F-11D3-BF4B-00C04F79EFBC}") = "MyCms.Common", "MyCms.Common\MyCms.Common.csproj", "{68AD789E-76AE-4DB5-B11C-92D640E62C7C}"
EndProject
Project("{FAE04EC0-301F-11D3-BF4B-00C04F79EFBC}") = "MyCms.Application", "MyCms.Application\MyCms.Application.csproj", "{590D6A9C-3875-4FAD-A0A5-062B6FD6D26F}"
EndProject
Global
	GlobalSection(SolutionConfigurationPlatforms) = preSolution
		Debug|Any CPU = Debug|Any CPU
		Release|Any CPU = Release|Any CPU
	EndGlobalSection
	GlobalSection(ProjectConfigurationPlatforms) = postSolution
		{B0D9E7AB-6BB8-4FFF-BF8B-4B79093864E2}.Debug|Any CPU.ActiveCfg = Debug|Any CPU
		{B0D9E7AB-6BB8-4FFF-BF8B-4B79093864E2}.Debug|Any CPU.Build.0 = Debug|Any CPU
		{B0D9E7AB-6BB8-4FFF-BF8B-4B79093864E2}.Release|Any CPU.ActiveCfg = Release|Any CPU
		{B0D9E7AB-6BB8-4FFF-BF8B-4B79093864E2}.Release|Any CPU.Build.0 = Release|Any CPU
		{49B3F38B-457B-485A-B169-4EB4D0FA9DF4}.Debug|Any CPU.ActiveCfg = Debug|Any CPU
		{49B3F38B-457B-485A-B169-4EB4D0FA9DF4}.Debug|Any CPU.Build.0 = Debug|Any CPU
		{49B3F38B-457B-485A-B169-4EB4D0FA9DF4}.Release|Any CPU.ActiveCfg = Release|Any CPU
		{49B3F38B-457B-485A-B169-4EB4D0FA9DF4}.Release|Any CPU.Build.0 = Release|Any CPU
		{3173B37F-E7DA-454E-84F7-8559B5002688}.Debug|Any CPU.ActiveCfg = Debug|Any CPU
		{3173B37F-E7DA-454E-84F7-8559B5002688}.Debug|Any CPU.Build.0 = Debug|Any CPU
		{3173B37F-E7DA-454E-84F7-8559B5002688}.Release|Any CPU.ActiveCfg = Release|Any CPU
		{3173B37F-E7DA-454E-84F7-8559B5002688}.Release|Any CPU.Build.0 = Release|Any CPU
		{68AD789E-76AE-4DB5-B11C-92D640E62C7C}.Debug|Any CPU.ActiveCfg = Debug|Any CPU
		{68AD789E-76AE-4DB5-B11C-92D640E62C7C}.Debug|Any CPU.Build.0 = Debug|Any CPU
		{68AD789E-76AE-4DB5-B11C-92D640E62C7C}.Release|Any CPU.ActiveCfg = Release|Any CPU
		{68AD789E-76AE-4DB5-B11C-92D640E62C7C}.Release|Any CPU.Build.0 = Release|Any CPU
		{590D6A9C-3875-4FAD-A0A5-062B6FD6D26F}.Debug|Any CPU.ActiveCfg = Debug|Any CPU
		{590D6A9C-3875-4FAD-A0A5-062B6FD6D26F}.Debug|Any CPU.Build.0 = Debug|Any CPU
		{590D6A9C-3875-4FAD-A0A5-062B6FD6D26F}.Release|Any CPU.ActiveCfg = Release|Any CPU
		{590D6A9C-3875-4FAD-A0A5-062B6FD6D26F}.Release|Any CPU.Build.0 = Release|Any CPU
	EndGlobalSection
	GlobalSection(SolutionProperties) = preSolution
		HideSolutionNode = FALSE
	EndGlobalSection
	GlobalSection(NestedProjects) = preSolution
		{B0D9E7AB-6BB8-4FFF-BF8B-4B79093864E2} = {A4F97B7C-CEB8-42D6-AFDC-D4A8032D5EA9}
		{49B3F38B-457B-485A-B169-4EB4D0FA9DF4} = {A399E91E-10B1-4861-B6B3-34445F45CB2F}
		{3173B37F-E7DA-454E-84F7-8559B5002688} = {B7A4CB31-712F-4929-8090-1E82360BF019}
		{68AD789E-76AE-4DB5-B11C-92D640E62C7C} = {FE0CD79A-C25C-46F5-95D8-1D72A78A5858}
		{590D6A9C-3875-4FAD-A0A5-062B6FD6D26F} = {A399E91E-10B1-4861-B6B3-34445F45CB2F}
	EndGlobalSection
	GlobalSection(ExtensibilityGlobals) = postSolution
		SolutionGuid = {88D49A73-D230-4438-87B6-1B41C1A30A07}
	EndGlobalSection
EndGlobal
